
Microsoft Visual Studio Solution File, Format Version 12.00
# Visual Studio Version 16
VisualStudioVersion = 16.0.31112.23
MinimumVisualStudioVersion = 10.0.40219.1
Project("{9A19103F-16F7-4668-BE54-9A1E7A4F7556}") = "ToDo.API", "ToDo.API\ToDo.API.csproj", "{1993C731-37FF-4A99-8B40-B615A31DE42B}"
EndProject
Project("{FAE04EC0-301F-11D3-BF4B-00C04F79EFBC}") = "ToDo.Test", "ToDo.Test\ToDo.Test.csproj", "{736B5C3F-D5B7-4360-B832-4958B05C22F9}"
EndProject
Global
	GlobalSection(SolutionConfigurationPlatforms) = preSolution
		Debug|Any CPU = Debug|Any CPU
		Release|Any CPU = Release|Any CPU
	EndGlobalSection
	GlobalSection(ProjectConfigurationPlatforms) = postSolution
		{1993C731-37FF-4A99-8B40-B615A31DE42B}.Debug|Any CPU.ActiveCfg = Debug|Any CPU
		{1993C731-37FF-4A99-8B40-B615A31DE42B}.Debug|Any CPU.Build.0 = Debug|Any CPU
		{1993C731-37FF-4A99-8B40-B615A31DE42B}.Release|Any CPU.ActiveCfg = Release|Any CPU
		{1993C731-37FF-4A99-8B40-B615A31DE42B}.Release|Any CPU.Build.0 = Release|Any CPU
		{736B5C3F-D5B7-4360-B832-4958B05C22F9}.Debug|Any CPU.ActiveCfg = Debug|Any CPU
		{736B5C3F-D5B7-4360-B832-4958B05C22F9}.Debug|Any CPU.Build.0 = Debug|Any CPU
		{736B5C3F-D5B7-4360-B832-4958B05C22F9}.Release|Any CPU.ActiveCfg = Release|Any CPU
		{736B5C3F-D5B7-4360-B832-4958B05C22F9}.Release|Any CPU.Build.0 = Release|Any CPU
	EndGlobalSection
	GlobalSection(SolutionProperties) = preSolution
		HideSolutionNode = FALSE
	EndGlobalSection
	GlobalSection(ExtensibilityGlobals) = postSolution
		SolutionGuid = {E3E1C236-A721-4AF6-8A24-796EFB0AEFF4}
	EndGlobalSection
EndGlobal
